# Generated by buf. DO NOT EDIT.
version: v2
deps:
  - name: buf.build/gogo/protobuf
    commit: e1dbca2775a74a89955a99990de45a53
    digest: b5:9be593f336e8b0d35761a2fb5ebc4460aaee3f2d21e9d75b7fddbecb1dd53ea58a0bb447c20c33387f4e07fa7e1e439f7125663a624517cfde97c8bec68e4ecf
  - name: buf.build/googleapis/googleapis
    commit: 28151c0d0a1641bf938a7672c500e01d
    digest: b5:93b70089baa4fc05a92d3e52db91a4b7812db3b57b9664f6cb301733938cb630e377a938e8a56779388171c749c1d42a2e9a6c6230f2ff45f127a8102a6a27d0
  - name: buf.build/grpc-ecosystem/grpc-gateway
    commit: 4c5ba75caaf84e928b7137ae5c18c26a
    digest: b5:c113e62fb3b29289af785866cae062b55ec8ae19ab3f08f3004098928fbca657730a06810b2012951294326b95669547194fa84476b9e9b688d4f8bf77a0691d
